
Microsoft Visual Studio Solution File, Format Version 12.00
# Visual Studio Version 17
VisualStudioVersion = 17.3.32611.2
MinimumVisualStudioVersion = 10.0.40219.1
Project("{FAE04EC0-301F-11D3-BF4B-00C04F79EFBC}") = "ConsoleApp3", "ConsoleApp3\ConsoleApp3.csproj", "{33286770-6CCB-4D21-B1F9-97DC1186495E}"
EndProject
Global
	GlobalSection(SolutionConfigurationPlatforms) = preSolution
		Debug|Any CPU = Debug|Any CPU
		Release|Any CPU = Release|Any CPU
	EndGlobalSection
	GlobalSection(ProjectConfigurationPlatforms) = postSolution
		{33286770-6CCB-4D21-B1F9-97DC1186495E}.Debug|Any CPU.ActiveCfg = Debug|Any CPU
		{33286770-6CCB-4D21-B1F9-97DC1186495E}.Debug|Any CPU.Build.0 = Debug|Any CPU
		{33286770-6CCB-4D21-B1F9-97DC1186495E}.Release|Any CPU.ActiveCfg = Release|Any CPU
		{33286770-6CCB-4D21-B1F9-97DC1186495E}.Release|Any CPU.Build.0 = Release|Any CPU
	EndGlobalSection
	GlobalSection(SolutionProperties) = preSolution
		HideSolutionNode = FALSE
	EndGlobalSection
	GlobalSection(ExtensibilityGlobals) = postSolution
		SolutionGuid = {378A1A5F-6F11-44F9-8C61-28BB9C2A6230}
	EndGlobalSection
EndGlobal
